
Microsoft Visual Studio Solution File, Format Version 12.00
# Visual Studio Version 16
VisualStudioVersion = 16.0.29020.237
MinimumVisualStudioVersion = 10.0.40219.1
Project("{FAE04EC0-301F-11D3-BF4B-00C04F79EFBC}") = "2. Hodina", "2. Hodina\2. Hodina.csproj", "{73B6F942-DCEB-4BAF-8509-A858A898EE19}"
EndProject
Global
	GlobalSection(SolutionConfigurationPlatforms) = preSolution
		Debug|Any CPU = Debug|Any CPU
		Release|Any CPU = Release|Any CPU
	EndGlobalSection
	GlobalSection(ProjectConfigurationPlatforms) = postSolution
		{73B6F942-DCEB-4BAF-8509-A858A898EE19}.Debug|Any CPU.ActiveCfg = Debug|Any CPU
		{73B6F942-DCEB-4BAF-8509-A858A898EE19}.Debug|Any CPU.Build.0 = Debug|Any CPU
		{73B6F942-DCEB-4BAF-8509-A858A898EE19}.Release|Any CPU.ActiveCfg = Release|Any CPU
		{73B6F942-DCEB-4BAF-8509-A858A898EE19}.Release|Any CPU.Build.0 = Release|Any CPU
	EndGlobalSection
	GlobalSection(SolutionProperties) = preSolution
		HideSolutionNode = FALSE
	EndGlobalSection
	GlobalSection(ExtensibilityGlobals) = postSolution
		SolutionGuid = {25B54005-7EE6-4270-BC27-AACC06C11CD3}
	EndGlobalSection
EndGlobal
